
Microsoft Visual Studio Solution File, Format Version 12.00
# Visual Studio Version 16
VisualStudioVersion = 16.0.31025.194
MinimumVisualStudioVersion = 10.0.40219.1
Project("{FAE04EC0-301F-11D3-BF4B-00C04F79EFBC}") = "字符串", "字符串\字符串.csproj", "{5A2BB2EC-23CD-4456-B626-4F5BA8730633}"
EndProject
Project("{FAE04EC0-301F-11D3-BF4B-00C04F79EFBC}") = "正则表达式", "正则表达式\正则表达式.csproj", "{66E1AF53-4139-4068-85B8-BCCC49949C7C}"
EndProject
Project("{FAE04EC0-301F-11D3-BF4B-00C04F79EFBC}") = "Delegate", "Delegate\Delegate.csproj", "{633ECD17-CE76-44D8-93FE-330C76FC9277}"
EndProject
Project("{FAE04EC0-301F-11D3-BF4B-00C04F79EFBC}") = "Action", "ActionAndFunc\Action.csproj", "{639917AD-0799-4158-B129-9EC82A5AE73A}"
EndProject
Project("{FAE04EC0-301F-11D3-BF4B-00C04F79EFBC}") = "Func", "Func\Func.csproj", "{8BE5F060-D76E-4244-B5B3-EE442D0DC78D}"
EndProject
Project("{FAE04EC0-301F-11D3-BF4B-00C04F79EFBC}") = "利用委托升级冒泡排序", "利用委托升级冒泡排序\利用委托升级冒泡排序.csproj", "{1BB9E0DC-84E0-4585-A779-E6FAF7B96947}"
EndProject
Project("{FAE04EC0-301F-11D3-BF4B-00C04F79EFBC}") = "多播委托", "多播委托\多播委托.csproj", "{28BE80E1-A53D-4459-91A6-71B967628284}"
EndProject
Project("{FAE04EC0-301F-11D3-BF4B-00C04F79EFBC}") = "匿名方法", "匿名方法\匿名方法.csproj", "{96548C60-13D7-443C-B424-1104714A76BF}"
EndProject
Project("{FAE04EC0-301F-11D3-BF4B-00C04F79EFBC}") = "Lambda表达式", "Lambda表达式\Lambda表达式.csproj", "{41A49A8E-C55A-4F87-8CCC-390A3BA431CA}"
EndProject
Project("{FAE04EC0-301F-11D3-BF4B-00C04F79EFBC}") = "Event事件", "Event事件\Event事件.csproj", "{FCB21CB3-D878-4CE5-AEB0-7FD4331AEA00}"
EndProject
Project("{FAE04EC0-301F-11D3-BF4B-00C04F79EFBC}") = "反射", "反射\反射.csproj", "{8432D0E5-B92C-4A0D-AC4A-19928B1EBD2B}"
EndProject
Project("{FAE04EC0-301F-11D3-BF4B-00C04F79EFBC}") = "特性", "特性\特性.csproj", "{469AB506-82B9-4BFF-BEEF-6F81BC16220A}"
EndProject
Project("{FAE04EC0-301F-11D3-BF4B-00C04F79EFBC}") = "冒泡排序", "冒泡排序\冒泡排序.csproj", "{BBB386A8-2F87-423F-9448-D76A6D71F9E9}"
EndProject
Project("{FAE04EC0-301F-11D3-BF4B-00C04F79EFBC}") = "InsertSort", "InsertSort\InsertSort.csproj", "{988183F8-4BB6-48B6-80E9-7F939C7EF805}"
EndProject
Project("{FAE04EC0-301F-11D3-BF4B-00C04F79EFBC}") = "QuickSort", "QuickSort\QuickSort.csproj", "{02243207-5E70-4856-B332-CBD68F4346BC}"
EndProject
Project("{FAE04EC0-301F-11D3-BF4B-00C04F79EFBC}") = "SelectSort", "SelectSort\SelectSort.csproj", "{742A3240-08DF-4E3F-B575-B8658C0A1BCF}"
EndProject
Project("{FAE04EC0-301F-11D3-BF4B-00C04F79EFBC}") = "ShellSort", "ShellSort\ShellSort.csproj", "{F4FA4BF3-BD1D-46D2-8534-9D65FAF95461}"
EndProject
Project("{FAE04EC0-301F-11D3-BF4B-00C04F79EFBC}") = "MergeSort", "MergeSort\MergeSort.csproj", "{463B063D-4C7C-4C4E-953D-CC8AADD5B686}"
EndProject
Project("{2150E333-8FDC-42A3-9474-1A3956D46DE8}") = "Basic", "Basic", "{08C9B22B-1A0D-4066-ADDD-DE354B73D51A}"
EndProject
Project("{2150E333-8FDC-42A3-9474-1A3956D46DE8}") = "Sort", "Sort", "{FE9324CD-ECF7-41CC-9B40-B7C20F5A3244}"
EndProject
Global
	GlobalSection(SolutionConfigurationPlatforms) = preSolution
		Debug|Any CPU = Debug|Any CPU
		Release|Any CPU = Release|Any CPU
	EndGlobalSection
	GlobalSection(ProjectConfigurationPlatforms) = postSolution
		{5A2BB2EC-23CD-4456-B626-4F5BA8730633}.Debug|Any CPU.ActiveCfg = Debug|Any CPU
		{5A2BB2EC-23CD-4456-B626-4F5BA8730633}.Debug|Any CPU.Build.0 = Debug|Any CPU
		{5A2BB2EC-23CD-4456-B626-4F5BA8730633}.Release|Any CPU.ActiveCfg = Release|Any CPU
		{5A2BB2EC-23CD-4456-B626-4F5BA8730633}.Release|Any CPU.Build.0 = Release|Any CPU
		{66E1AF53-4139-4068-85B8-BCCC49949C7C}.Debug|Any CPU.ActiveCfg = Debug|Any CPU
		{66E1AF53-4139-4068-85B8-BCCC49949C7C}.Debug|Any CPU.Build.0 = Debug|Any CPU
		{66E1AF53-4139-4068-85B8-BCCC49949C7C}.Release|Any CPU.ActiveCfg = Release|Any CPU
		{66E1AF53-4139-4068-85B8-BCCC49949C7C}.Release|Any CPU.Build.0 = Release|Any CPU
		{633ECD17-CE76-44D8-93FE-330C76FC9277}.Debug|Any CPU.ActiveCfg = Debug|Any CPU
		{633ECD17-CE76-44D8-93FE-330C76FC9277}.Debug|Any CPU.Build.0 = Debug|Any CPU
		{633ECD17-CE76-44D8-93FE-330C76FC9277}.Release|Any CPU.ActiveCfg = Release|Any CPU
		{633ECD17-CE76-44D8-93FE-330C76FC9277}.Release|Any CPU.Build.0 = Release|Any CPU
		{639917AD-0799-4158-B129-9EC82A5AE73A}.Debug|Any CPU.ActiveCfg = Debug|Any CPU
		{639917AD-0799-4158-B129-9EC82A5AE73A}.Debug|Any CPU.Build.0 = Debug|Any CPU
		{639917AD-0799-4158-B129-9EC82A5AE73A}.Release|Any CPU.ActiveCfg = Release|Any CPU
		{639917AD-0799-4158-B129-9EC82A5AE73A}.Release|Any CPU.Build.0 = Release|Any CPU
		{8BE5F060-D76E-4244-B5B3-EE442D0DC78D}.Debug|Any CPU.ActiveCfg = Debug|Any CPU
		{8BE5F060-D76E-4244-B5B3-EE442D0DC78D}.Debug|Any CPU.Build.0 = Debug|Any CPU
		{8BE5F060-D76E-4244-B5B3-EE442D0DC78D}.Release|Any CPU.ActiveCfg = Release|Any CPU
		{8BE5F060-D76E-4244-B5B3-EE442D0DC78D}.Release|Any CPU.Build.0 = Release|Any CPU
		{1BB9E0DC-84E0-4585-A779-E6FAF7B96947}.Debug|Any CPU.ActiveCfg = Debug|Any CPU
		{1BB9E0DC-84E0-4585-A779-E6FAF7B96947}.Debug|Any CPU.Build.0 = Debug|Any CPU
		{1BB9E0DC-84E0-4585-A779-E6FAF7B96947}.Release|Any CPU.ActiveCfg = Release|Any CPU
		{1BB9E0DC-84E0-4585-A779-E6FAF7B96947}.Release|Any CPU.Build.0 = Release|Any CPU
		{28BE80E1-A53D-4459-91A6-71B967628284}.Debug|Any CPU.ActiveCfg = Debug|Any CPU
		{28BE80E1-A53D-4459-91A6-71B967628284}.Debug|Any CPU.Build.0 = Debug|Any CPU
		{28BE80E1-A53D-4459-91A6-71B967628284}.Release|Any CPU.ActiveCfg = Release|Any CPU
		{28BE80E1-A53D-4459-91A6-71B967628284}.Release|Any CPU.Build.0 = Release|Any CPU
		{96548C60-13D7-443C-B424-1104714A76BF}.Debug|Any CPU.ActiveCfg = Debug|Any CPU
		{96548C60-13D7-443C-B424-1104714A76BF}.Debug|Any CPU.Build.0 = Debug|Any CPU
		{96548C60-13D7-443C-B424-1104714A76BF}.Release|Any CPU.ActiveCfg = Release|Any CPU
		{96548C60-13D7-443C-B424-1104714A76BF}.Release|Any CPU.Build.0 = Release|Any CPU
		{41A49A8E-C55A-4F87-8CCC-390A3BA431CA}.Debug|Any CPU.ActiveCfg = Debug|Any CPU
		{41A49A8E-C55A-4F87-8CCC-390A3BA431CA}.Debug|Any CPU.Build.0 = Debug|Any CPU
		{41A49A8E-C55A-4F87-8CCC-390A3BA431CA}.Release|Any CPU.ActiveCfg = Release|Any CPU
		{41A49A8E-C55A-4F87-8CCC-390A3BA431CA}.Release|Any CPU.Build.0 = Release|Any CPU
		{FCB21CB3-D878-4CE5-AEB0-7FD4331AEA00}.Debug|Any CPU.ActiveCfg = Debug|Any CPU
		{FCB21CB3-D878-4CE5-AEB0-7FD4331AEA00}.Debug|Any CPU.Build.0 = Debug|Any CPU
		{FCB21CB3-D878-4CE5-AEB0-7FD4331AEA00}.Release|Any CPU.ActiveCfg = Release|Any CPU
		{FCB21CB3-D878-4CE5-AEB0-7FD4331AEA00}.Release|Any CPU.Build.0 = Release|Any CPU
		{8432D0E5-B92C-4A0D-AC4A-19928B1EBD2B}.Debug|Any CPU.ActiveCfg = Debug|Any CPU
		{8432D0E5-B92C-4A0D-AC4A-19928B1EBD2B}.Debug|Any CPU.Build.0 = Debug|Any CPU
		{8432D0E5-B92C-4A0D-AC4A-19928B1EBD2B}.Release|Any CPU.ActiveCfg = Release|Any CPU
		{8432D0E5-B92C-4A0D-AC4A-19928B1EBD2B}.Release|Any CPU.Build.0 = Release|Any CPU
		{469AB506-82B9-4BFF-BEEF-6F81BC16220A}.Debug|Any CPU.ActiveCfg = Debug|Any CPU
		{469AB506-82B9-4BFF-BEEF-6F81BC16220A}.Debug|Any CPU.Build.0 = Debug|Any CPU
		{469AB506-82B9-4BFF-BEEF-6F81BC16220A}.Release|Any CPU.ActiveCfg = Release|Any CPU
		{469AB506-82B9-4BFF-BEEF-6F81BC16220A}.Release|Any CPU.Build.0 = Release|Any CPU
		{BBB386A8-2F87-423F-9448-D76A6D71F9E9}.Debug|Any CPU.ActiveCfg = Debug|Any CPU
		{BBB386A8-2F87-423F-9448-D76A6D71F9E9}.Debug|Any CPU.Build.0 = Debug|Any CPU
		{BBB386A8-2F87-423F-9448-D76A6D71F9E9}.Release|Any CPU.ActiveCfg = Release|Any CPU
		{BBB386A8-2F87-423F-9448-D76A6D71F9E9}.Release|Any CPU.Build.0 = Release|Any CPU
		{988183F8-4BB6-48B6-80E9-7F939C7EF805}.Debug|Any CPU.ActiveCfg = Debug|Any CPU
		{988183F8-4BB6-48B6-80E9-7F939C7EF805}.Debug|Any CPU.Build.0 = Debug|Any CPU
		{988183F8-4BB6-48B6-80E9-7F939C7EF805}.Release|Any CPU.ActiveCfg = Release|Any CPU
		{988183F8-4BB6-48B6-80E9-7F939C7EF805}.Release|Any CPU.Build.0 = Release|Any CPU
		{02243207-5E70-4856-B332-CBD68F4346BC}.Debug|Any CPU.ActiveCfg = Debug|Any CPU
		{02243207-5E70-4856-B332-CBD68F4346BC}.Debug|Any CPU.Build.0 = Debug|Any CPU
		{02243207-5E70-4856-B332-CBD68F4346BC}.Release|Any CPU.ActiveCfg = Release|Any CPU
		{02243207-5E70-4856-B332-CBD68F4346BC}.Release|Any CPU.Build.0 = Release|Any CPU
		{742A3240-08DF-4E3F-B575-B8658C0A1BCF}.Debug|Any CPU.ActiveCfg = Debug|Any CPU
		{742A3240-08DF-4E3F-B575-B8658C0A1BCF}.Debug|Any CPU.Build.0 = Debug|Any CPU
		{742A3240-08DF-4E3F-B575-B8658C0A1BCF}.Release|Any CPU.ActiveCfg = Release|Any CPU
		{742A3240-08DF-4E3F-B575-B8658C0A1BCF}.Release|Any CPU.Build.0 = Release|Any CPU
		{F4FA4BF3-BD1D-46D2-8534-9D65FAF95461}.Debug|Any CPU.ActiveCfg = Debug|Any CPU
		{F4FA4BF3-BD1D-46D2-8534-9D65FAF95461}.Debug|Any CPU.Build.0 = Debug|Any CPU
		{F4FA4BF3-BD1D-46D2-8534-9D65FAF95461}.Release|Any CPU.ActiveCfg = Release|Any CPU
		{F4FA4BF3-BD1D-46D2-8534-9D65FAF95461}.Release|Any CPU.Build.0 = Release|Any CPU
		{463B063D-4C7C-4C4E-953D-CC8AADD5B686}.Debug|Any CPU.ActiveCfg = Debug|Any CPU
		{463B063D-4C7C-4C4E-953D-CC8AADD5B686}.Debug|Any CPU.Build.0 = Debug|Any CPU
		{463B063D-4C7C-4C4E-953D-CC8AADD5B686}.Release|Any CPU.ActiveCfg = Release|Any CPU
		{463B063D-4C7C-4C4E-953D-CC8AADD5B686}.Release|Any CPU.Build.0 = Release|Any CPU
	EndGlobalSection
	GlobalSection(SolutionProperties) = preSolution
		HideSolutionNode = FALSE
	EndGlobalSection
	GlobalSection(ExtensibilityGlobals) = postSolution
		SolutionGuid = {F6A628AD-E0EC-466A-B525-9DD91C7B5FFA}
	EndGlobalSection
	GlobalSection(NestedProjects) = preSolution
		{639917AD-0799-4158-B129-9EC82A5AE73A} = {08C9B22B-1A0D-4066-ADDD-DE354B73D51A}
		{633ECD17-CE76-44D8-93FE-330C76FC9277} = {08C9B22B-1A0D-4066-ADDD-DE354B73D51A}
		{FCB21CB3-D878-4CE5-AEB0-7FD4331AEA00} = {08C9B22B-1A0D-4066-ADDD-DE354B73D51A}
		{8BE5F060-D76E-4244-B5B3-EE442D0DC78D} = {08C9B22B-1A0D-4066-ADDD-DE354B73D51A}
		{41A49A8E-C55A-4F87-8CCC-390A3BA431CA} = {08C9B22B-1A0D-4066-ADDD-DE354B73D51A}
		{8432D0E5-B92C-4A0D-AC4A-19928B1EBD2B} = {08C9B22B-1A0D-4066-ADDD-DE354B73D51A}
		{28BE80E1-A53D-4459-91A6-71B967628284} = {08C9B22B-1A0D-4066-ADDD-DE354B73D51A}
		{5A2BB2EC-23CD-4456-B626-4F5BA8730633} = {08C9B22B-1A0D-4066-ADDD-DE354B73D51A}
		{66E1AF53-4139-4068-85B8-BCCC49949C7C} = {08C9B22B-1A0D-4066-ADDD-DE354B73D51A}
		{469AB506-82B9-4BFF-BEEF-6F81BC16220A} = {08C9B22B-1A0D-4066-ADDD-DE354B73D51A}
		{96548C60-13D7-443C-B424-1104714A76BF} = {08C9B22B-1A0D-4066-ADDD-DE354B73D51A}
		{988183F8-4BB6-48B6-80E9-7F939C7EF805} = {FE9324CD-ECF7-41CC-9B40-B7C20F5A3244}
		{463B063D-4C7C-4C4E-953D-CC8AADD5B686} = {FE9324CD-ECF7-41CC-9B40-B7C20F5A3244}
		{02243207-5E70-4856-B332-CBD68F4346BC} = {FE9324CD-ECF7-41CC-9B40-B7C20F5A3244}
		{742A3240-08DF-4E3F-B575-B8658C0A1BCF} = {FE9324CD-ECF7-41CC-9B40-B7C20F5A3244}
		{F4FA4BF3-BD1D-46D2-8534-9D65FAF95461} = {FE9324CD-ECF7-41CC-9B40-B7C20F5A3244}
		{BBB386A8-2F87-423F-9448-D76A6D71F9E9} = {FE9324CD-ECF7-41CC-9B40-B7C20F5A3244}
		{1BB9E0DC-84E0-4585-A779-E6FAF7B96947} = {FE9324CD-ECF7-41CC-9B40-B7C20F5A3244}
	EndGlobalSection
EndGlobal
