
Microsoft Visual Studio Solution File, Format Version 12.00
# Visual Studio Version 16
VisualStudioVersion = 16.0.31025.194
MinimumVisualStudioVersion = 10.0.40219.1
Project("{FAE04EC0-301F-11D3-BF4B-00C04F79EFBC}") = "字符串", "字符串\字符串.csproj", "{5A2BB2EC-23CD-4456-B626-4F5BA8730633}"
EndProject
Project("{FAE04EC0-301F-11D3-BF4B-00C04F79EFBC}") = "正则表达式", "正则表达式\正则表达式.csproj", "{66E1AF53-4139-4068-85B8-BCCC49949C7C}"
EndProject
Project("{FAE04EC0-301F-11D3-BF4B-00C04F79EFBC}") = "Delegate", "Delegate\Delegate.csproj", "{633ECD17-CE76-44D8-93FE-330C76FC9277}"
EndProject
Project("{FAE04EC0-301F-11D3-BF4B-00C04F79EFBC}") = "Action", "ActionAndFunc\Action.csproj", "{639917AD-0799-4158-B129-9EC82A5AE73A}"
EndProject
Project("{FAE04EC0-301F-11D3-BF4B-00C04F79EFBC}") = "Func", "Func\Func.csproj", "{8BE5F060-D76E-4244-B5B3-EE442D0DC78D}"
EndProject
Project("{FAE04EC0-301F-11D3-BF4B-00C04F79EFBC}") = "利用委托升级冒泡排序", "利用委托升级冒泡排序\利用委托升级冒泡排序.csproj", "{1BB9E0DC-84E0-4585-A779-E6FAF7B96947}"
EndProject
Project("{FAE04EC0-301F-11D3-BF4B-00C04F79EFBC}") = "多播委托", "多播委托\多播委托.csproj", "{28BE80E1-A53D-4459-91A6-71B967628284}"
EndProject
Global
	GlobalSection(SolutionConfigurationPlatforms) = preSolution
		Debug|Any CPU = Debug|Any CPU
		Release|Any CPU = Release|Any CPU
	EndGlobalSection
	GlobalSection(ProjectConfigurationPlatforms) = postSolution
		{5A2BB2EC-23CD-4456-B626-4F5BA8730633}.Debug|Any CPU.ActiveCfg = Debug|Any CPU
		{5A2BB2EC-23CD-4456-B626-4F5BA8730633}.Debug|Any CPU.Build.0 = Debug|Any CPU
		{5A2BB2EC-23CD-4456-B626-4F5BA8730633}.Release|Any CPU.ActiveCfg = Release|Any CPU
		{5A2BB2EC-23CD-4456-B626-4F5BA8730633}.Release|Any CPU.Build.0 = Release|Any CPU
		{66E1AF53-4139-4068-85B8-BCCC49949C7C}.Debug|Any CPU.ActiveCfg = Debug|Any CPU
		{66E1AF53-4139-4068-85B8-BCCC49949C7C}.Debug|Any CPU.Build.0 = Debug|Any CPU
		{66E1AF53-4139-4068-85B8-BCCC49949C7C}.Release|Any CPU.ActiveCfg = Release|Any CPU
		{66E1AF53-4139-4068-85B8-BCCC49949C7C}.Release|Any CPU.Build.0 = Release|Any CPU
		{633ECD17-CE76-44D8-93FE-330C76FC9277}.Debug|Any CPU.ActiveCfg = Debug|Any CPU
		{633ECD17-CE76-44D8-93FE-330C76FC9277}.Debug|Any CPU.Build.0 = Debug|Any CPU
		{633ECD17-CE76-44D8-93FE-330C76FC9277}.Release|Any CPU.ActiveCfg = Release|Any CPU
		{633ECD17-CE76-44D8-93FE-330C76FC9277}.Release|Any CPU.Build.0 = Release|Any CPU
		{639917AD-0799-4158-B129-9EC82A5AE73A}.Debug|Any CPU.ActiveCfg = Debug|Any CPU
		{639917AD-0799-4158-B129-9EC82A5AE73A}.Debug|Any CPU.Build.0 = Debug|Any CPU
		{639917AD-0799-4158-B129-9EC82A5AE73A}.Release|Any CPU.ActiveCfg = Release|Any CPU
		{639917AD-0799-4158-B129-9EC82A5AE73A}.Release|Any CPU.Build.0 = Release|Any CPU
		{8BE5F060-D76E-4244-B5B3-EE442D0DC78D}.Debug|Any CPU.ActiveCfg = Debug|Any CPU
		{8BE5F060-D76E-4244-B5B3-EE442D0DC78D}.Debug|Any CPU.Build.0 = Debug|Any CPU
		{8BE5F060-D76E-4244-B5B3-EE442D0DC78D}.Release|Any CPU.ActiveCfg = Release|Any CPU
		{8BE5F060-D76E-4244-B5B3-EE442D0DC78D}.Release|Any CPU.Build.0 = Release|Any CPU
		{1BB9E0DC-84E0-4585-A779-E6FAF7B96947}.Debug|Any CPU.ActiveCfg = Debug|Any CPU
		{1BB9E0DC-84E0-4585-A779-E6FAF7B96947}.Debug|Any CPU.Build.0 = Debug|Any CPU
		{1BB9E0DC-84E0-4585-A779-E6FAF7B96947}.Release|Any CPU.ActiveCfg = Release|Any CPU
		{1BB9E0DC-84E0-4585-A779-E6FAF7B96947}.Release|Any CPU.Build.0 = Release|Any CPU
		{28BE80E1-A53D-4459-91A6-71B967628284}.Debug|Any CPU.ActiveCfg = Debug|Any CPU
		{28BE80E1-A53D-4459-91A6-71B967628284}.Debug|Any CPU.Build.0 = Debug|Any CPU
		{28BE80E1-A53D-4459-91A6-71B967628284}.Release|Any CPU.ActiveCfg = Release|Any CPU
		{28BE80E1-A53D-4459-91A6-71B967628284}.Release|Any CPU.Build.0 = Release|Any CPU
	EndGlobalSection
	GlobalSection(SolutionProperties) = preSolution
		HideSolutionNode = FALSE
	EndGlobalSection
	GlobalSection(ExtensibilityGlobals) = postSolution
		SolutionGuid = {F6A628AD-E0EC-466A-B525-9DD91C7B5FFA}
	EndGlobalSection
EndGlobal
